// !$*UTF8*$!
{
	archiveVersion = 1;
	classes = {
	};
	objectVersion = 54;
	objects = {

/* Begin PBXBuildFile section */
		43E6894DD143378ED781A7E5 /* Pods_MiniTown_MiniTownUITests.framework in Frameworks */ = {isa = PBXBuildFile; fileRef = 8462B38056EB502E2AC14E1A /* Pods_MiniTown_MiniTownUITests.framework */; };
		57022507271E7B400039B91C /* FindMettings.storyboard in Resources */ = {isa = PBXBuildFile; fileRef = 57022506271E7B400039B91C /* FindMettings.storyboard */; };
		57022509271E7B940039B91C /* ReservationLocation.storyboard in Resources */ = {isa = PBXBuildFile; fileRef = 57022508271E7B940039B91C /* ReservationLocation.storyboard */; };
		5702250B271E7BC50039B91C /* RentalItems.storyboard in Resources */ = {isa = PBXBuildFile; fileRef = 5702250A271E7BC50039B91C /* RentalItems.storyboard */; };
		570DA64E271CF79F00DC1908 /* corrner.swift in Sources */ = {isa = PBXBuildFile; fileRef = 570DA64D271CF79F00DC1908 /* corrner.swift */; };
		570DA650271D2D3100DC1908 /* HomeViewController.swift in Sources */ = {isa = PBXBuildFile; fileRef = 570DA64F271D2D3100DC1908 /* HomeViewController.swift */; };
		570DA653271D8DC600DC1908 /* UITextField.swift in Sources */ = {isa = PBXBuildFile; fileRef = 570DA652271D8DC500DC1908 /* UITextField.swift */; };
		572D1534271EBA9900A90D85 /* MeetingHomeViewController.swift in Sources */ = {isa = PBXBuildFile; fileRef = 572D1533271EBA9900A90D85 /* MeetingHomeViewController.swift */; };
		572D4DB227244A5B003569AD /* MettingTableViewCell.swift in Sources */ = {isa = PBXBuildFile; fileRef = 572D4DB127244A5B003569AD /* MettingTableViewCell.swift */; };
		573E7BC0271AF20000EEC3A2 /* Model.swift in Sources */ = {isa = PBXBuildFile; fileRef = 573E7BBF271AF20000EEC3A2 /* Model.swift */; };
		573E7BC3271B06EA00EEC3A2 /* LoginRequst.swift in Sources */ = {isa = PBXBuildFile; fileRef = 573E7BC2271B06EA00EEC3A2 /* LoginRequst.swift */; };
		5761C91C2721205A0088B01C /* SecondSignUpViewController.swift in Sources */ = {isa = PBXBuildFile; fileRef = 5761C91B2721205A0088B01C /* SecondSignUpViewController.swift */; };
		576486E527190E140026CE77 /* AppDelegate.swift in Sources */ = {isa = PBXBuildFile; fileRef = 576486E427190E140026CE77 /* AppDelegate.swift */; };
		576486E727190E140026CE77 /* SceneDelegate.swift in Sources */ = {isa = PBXBuildFile; fileRef = 576486E627190E140026CE77 /* SceneDelegate.swift */; };
		576486E927190E140026CE77 /* LoginViewController.swift in Sources */ = {isa = PBXBuildFile; fileRef = 576486E827190E140026CE77 /* LoginViewController.swift */; };
		576486EC27190E140026CE77 /* loginView.storyboard in Resources */ = {isa = PBXBuildFile; fileRef = 576486EA27190E140026CE77 /* loginView.storyboard */; };
		576486EE27190E150026CE77 /* Assets.xcassets in Resources */ = {isa = PBXBuildFile; fileRef = 576486ED27190E150026CE77 /* Assets.xcassets */; };
		576486F127190E150026CE77 /* LaunchScreen.storyboard in Resources */ = {isa = PBXBuildFile; fileRef = 576486EF27190E150026CE77 /* LaunchScreen.storyboard */; };
		576486FC27190E160026CE77 /* MiniTownTests.swift in Sources */ = {isa = PBXBuildFile; fileRef = 576486FB27190E160026CE77 /* MiniTownTests.swift */; };
		5764870627190E160026CE77 /* MiniTownUITests.swift in Sources */ = {isa = PBXBuildFile; fileRef = 5764870527190E160026CE77 /* MiniTownUITests.swift */; };
		5764870827190E160026CE77 /* MiniTownUITestsLaunchTests.swift in Sources */ = {isa = PBXBuildFile; fileRef = 5764870727190E160026CE77 /* MiniTownUITestsLaunchTests.swift */; };
		5766F1C627259843009FD50B /* SoketApi.swift in Sources */ = {isa = PBXBuildFile; fileRef = 5766F1C527259843009FD50B /* SoketApi.swift */; };
		5766F1C82725991E009FD50B /* SocketIOManager.swift in Sources */ = {isa = PBXBuildFile; fileRef = 5766F1C72725991E009FD50B /* SocketIOManager.swift */; };
		5766F1CA2725B058009FD50B /* ChatroomListTableViewCell.swift in Sources */ = {isa = PBXBuildFile; fileRef = 5766F1C92725B058009FD50B /* ChatroomListTableViewCell.swift */; };
		57711D29272141660069FA3F /* ViewToggleModel.swift in Sources */ = {isa = PBXBuildFile; fileRef = 57711D28272141660069FA3F /* ViewToggleModel.swift */; };
		577AC6002726DE31005337BB /* DetailMettingViewController.swift in Sources */ = {isa = PBXBuildFile; fileRef = 577AC5FF2726DE31005337BB /* DetailMettingViewController.swift */; };
		577BC2F42722CC4A001C3E1D /* OAuthSignUoViewController.swift in Sources */ = {isa = PBXBuildFile; fileRef = 577BC2F32722CC4A001C3E1D /* OAuthSignUoViewController.swift */; };
		57825719272459DF0037468B /* Settings.storyboard in Resources */ = {isa = PBXBuildFile; fileRef = 57825718272459DF0037468B /* Settings.storyboard */; };
		5782571D27245AF10037468B /* MainSettingViewController.swift in Sources */ = {isa = PBXBuildFile; fileRef = 5782571C27245AF10037468B /* MainSettingViewController.swift */; };
		5787AC64271F09F80011F137 /* MainReservationLocationController.swift in Sources */ = {isa = PBXBuildFile; fileRef = 5787AC63271F09F80011F137 /* MainReservationLocationController.swift */; };
		5794C4C6271AE85800DE2A00 /* Api.swift in Sources */ = {isa = PBXBuildFile; fileRef = 5794C4C5271AE85800DE2A00 /* Api.swift */; };
		57BA2BCE27243D36001C0859 /* Dume.swift in Sources */ = {isa = PBXBuildFile; fileRef = 57BA2BCD27243D36001C0859 /* Dume.swift */; };
		57CE4AF1272026560008F0CA /* client_105041905321-75o2u6k4v3r7d4t3vg6spucsgnvai8qf.apps.googleusercontent.com.plist in Resources */ = {isa = PBXBuildFile; fileRef = 57CE4AF0272026560008F0CA /* client_105041905321-75o2u6k4v3r7d4t3vg6spucsgnvai8qf.apps.googleusercontent.com.plist */; };
		57D55F4F271ADAE90046147C /* FirstSignUpViewController.swift in Sources */ = {isa = PBXBuildFile; fileRef = 57D55F4E271ADAE90046147C /* FirstSignUpViewController.swift */; };
		57D55F52271ADCE00046147C /* Token.swift in Sources */ = {isa = PBXBuildFile; fileRef = 57D55F51271ADCE00046147C /* Token.swift */; };
		5BB33C799B7B423B811688F8 /* Pods_MiniTownTests.framework in Frameworks */ = {isa = PBXBuildFile; fileRef = 1E72D3F64249727C5E195D16 /* Pods_MiniTownTests.framework */; };
		A8259739E9DA5D794733D76F /* Pods_MiniTown.framework in Frameworks */ = {isa = PBXBuildFile; fileRef = 6833FDB1CB587743470D5C33 /* Pods_MiniTown.framework */; };
/* End PBXBuildFile section */

/* Begin PBXContainerItemProxy section */
		576486F827190E160026CE77 /* PBXContainerItemProxy */ = {
			isa = PBXContainerItemProxy;
			containerPortal = 576486D927190E140026CE77 /* Project object */;
			proxyType = 1;
			remoteGlobalIDString = 576486E027190E140026CE77;
			remoteInfo = MiniTown;
		};
		5764870227190E160026CE77 /* PBXContainerItemProxy */ = {
			isa = PBXContainerItemProxy;
			containerPortal = 576486D927190E140026CE77 /* Project object */;
			proxyType = 1;
			remoteGlobalIDString = 576486E027190E140026CE77;
			remoteInfo = MiniTown;
		};
/* End PBXContainerItemProxy section */

/* Begin PBXFileReference section */
		1E72D3F64249727C5E195D16 /* Pods_MiniTownTests.framework */ = {isa = PBXFileReference; explicitFileType = wrapper.framework; includeInIndex = 0; path = Pods_MiniTownTests.framework; sourceTree = BUILT_PRODUCTS_DIR; };
		2AB137649600B5CCD9B4BE8A /* Pods-MiniTownTests.release.xcconfig */ = {isa = PBXFileReference; includeInIndex = 1; lastKnownFileType = text.xcconfig; name = "Pods-MiniTownTests.release.xcconfig"; path = "Target Support Files/Pods-MiniTownTests/Pods-MiniTownTests.release.xcconfig"; sourceTree = "<group>"; };
		57022506271E7B400039B91C /* FindMettings.storyboard */ = {isa = PBXFileReference; lastKnownFileType = file.storyboard; path = FindMettings.storyboard; sourceTree = "<group>"; };
		57022508271E7B940039B91C /* ReservationLocation.storyboard */ = {isa = PBXFileReference; lastKnownFileType = file.storyboard; path = ReservationLocation.storyboard; sourceTree = "<group>"; };
		5702250A271E7BC50039B91C /* RentalItems.storyboard */ = {isa = PBXFileReference; lastKnownFileType = file.storyboard; path = RentalItems.storyboard; sourceTree = "<group>"; };
		570DA64D271CF79F00DC1908 /* corrner.swift */ = {isa = PBXFileReference; lastKnownFileType = sourcecode.swift; path = corrner.swift; sourceTree = "<group>"; };
		570DA64F271D2D3100DC1908 /* HomeViewController.swift */ = {isa = PBXFileReference; lastKnownFileType = sourcecode.swift; path = HomeViewController.swift; sourceTree = "<group>"; };
		570DA652271D8DC500DC1908 /* UITextField.swift */ = {isa = PBXFileReference; lastKnownFileType = sourcecode.swift; path = UITextField.swift; sourceTree = "<group>"; };
		572D1533271EBA9900A90D85 /* MeetingHomeViewController.swift */ = {isa = PBXFileReference; lastKnownFileType = sourcecode.swift; path = MeetingHomeViewController.swift; sourceTree = "<group>"; };
		572D4DB127244A5B003569AD /* MettingTableViewCell.swift */ = {isa = PBXFileReference; lastKnownFileType = sourcecode.swift; path = MettingTableViewCell.swift; sourceTree = "<group>"; };
		573E7BBF271AF20000EEC3A2 /* Model.swift */ = {isa = PBXFileReference; lastKnownFileType = sourcecode.swift; path = Model.swift; sourceTree = "<group>"; };
		573E7BC2271B06EA00EEC3A2 /* LoginRequst.swift */ = {isa = PBXFileReference; lastKnownFileType = sourcecode.swift; path = LoginRequst.swift; sourceTree = "<group>"; };
		5761C91B2721205A0088B01C /* SecondSignUpViewController.swift */ = {isa = PBXFileReference; lastKnownFileType = sourcecode.swift; path = SecondSignUpViewController.swift; sourceTree = "<group>"; };
		576486E127190E140026CE77 /* MiniTown.app */ = {isa = PBXFileReference; explicitFileType = wrapper.application; includeInIndex = 0; path = MiniTown.app; sourceTree = BUILT_PRODUCTS_DIR; };
		576486E427190E140026CE77 /* AppDelegate.swift */ = {isa = PBXFileReference; lastKnownFileType = sourcecode.swift; path = AppDelegate.swift; sourceTree = "<group>"; };
		576486E627190E140026CE77 /* SceneDelegate.swift */ = {isa = PBXFileReference; lastKnownFileType = sourcecode.swift; path = SceneDelegate.swift; sourceTree = "<group>"; };
		576486E827190E140026CE77 /* LoginViewController.swift */ = {isa = PBXFileReference; lastKnownFileType = sourcecode.swift; path = LoginViewController.swift; sourceTree = "<group>"; };
		576486EB27190E140026CE77 /* Base */ = {isa = PBXFileReference; lastKnownFileType = file.storyboard; name = Base; path = Base.lproj/loginView.storyboard; sourceTree = "<group>"; };
		576486ED27190E150026CE77 /* Assets.xcassets */ = {isa = PBXFileReference; lastKnownFileType = folder.assetcatalog; path = Assets.xcassets; sourceTree = "<group>"; };
		576486F027190E150026CE77 /* Base */ = {isa = PBXFileReference; lastKnownFileType = file.storyboard; name = Base; path = Base.lproj/LaunchScreen.storyboard; sourceTree = "<group>"; };
		576486F227190E150026CE77 /* Info.plist */ = {isa = PBXFileReference; lastKnownFileType = text.plist.xml; path = Info.plist; sourceTree = "<group>"; };
		576486F727190E160026CE77 /* MiniTownTests.xctest */ = {isa = PBXFileReference; explicitFileType = wrapper.cfbundle; includeInIndex = 0; path = MiniTownTests.xctest; sourceTree = BUILT_PRODUCTS_DIR; };
		576486FB27190E160026CE77 /* MiniTownTests.swift */ = {isa = PBXFileReference; lastKnownFileType = sourcecode.swift; path = MiniTownTests.swift; sourceTree = "<group>"; };
		5764870127190E160026CE77 /* MiniTownUITests.xctest */ = {isa = PBXFileReference; explicitFileType = wrapper.cfbundle; includeInIndex = 0; path = MiniTownUITests.xctest; sourceTree = BUILT_PRODUCTS_DIR; };
		5764870527190E160026CE77 /* MiniTownUITests.swift */ = {isa = PBXFileReference; lastKnownFileType = sourcecode.swift; path = MiniTownUITests.swift; sourceTree = "<group>"; };
		5764870727190E160026CE77 /* MiniTownUITestsLaunchTests.swift */ = {isa = PBXFileReference; lastKnownFileType = sourcecode.swift; path = MiniTownUITestsLaunchTests.swift; sourceTree = "<group>"; };
		5766F1C527259843009FD50B /* SoketApi.swift */ = {isa = PBXFileReference; lastKnownFileType = sourcecode.swift; path = SoketApi.swift; sourceTree = "<group>"; };
		5766F1C72725991E009FD50B /* SocketIOManager.swift */ = {isa = PBXFileReference; lastKnownFileType = sourcecode.swift; path = SocketIOManager.swift; sourceTree = "<group>"; };
		5766F1C92725B058009FD50B /* ChatroomListTableViewCell.swift */ = {isa = PBXFileReference; lastKnownFileType = sourcecode.swift; path = ChatroomListTableViewCell.swift; sourceTree = "<group>"; };
		57711D28272141660069FA3F /* ViewToggleModel.swift */ = {isa = PBXFileReference; lastKnownFileType = sourcecode.swift; path = ViewToggleModel.swift; sourceTree = "<group>"; };
		577AC5FF2726DE31005337BB /* DetailMettingViewController.swift */ = {isa = PBXFileReference; lastKnownFileType = sourcecode.swift; path = DetailMettingViewController.swift; sourceTree = "<group>"; };
		577BC2F32722CC4A001C3E1D /* OAuthSignUoViewController.swift */ = {isa = PBXFileReference; lastKnownFileType = sourcecode.swift; path = OAuthSignUoViewController.swift; sourceTree = "<group>"; };
		57825718272459DF0037468B /* Settings.storyboard */ = {isa = PBXFileReference; lastKnownFileType = file.storyboard; path = Settings.storyboard; sourceTree = "<group>"; };
		5782571C27245AF10037468B /* MainSettingViewController.swift */ = {isa = PBXFileReference; lastKnownFileType = sourcecode.swift; path = MainSettingViewController.swift; sourceTree = "<group>"; };
		5787AC63271F09F80011F137 /* MainReservationLocationController.swift */ = {isa = PBXFileReference; lastKnownFileType = sourcecode.swift; path = MainReservationLocationController.swift; sourceTree = "<group>"; };
		5794C4C5271AE85800DE2A00 /* Api.swift */ = {isa = PBXFileReference; lastKnownFileType = sourcecode.swift; path = Api.swift; sourceTree = "<group>"; };
		57BA2BCD27243D36001C0859 /* Dume.swift */ = {isa = PBXFileReference; lastKnownFileType = sourcecode.swift; path = Dume.swift; sourceTree = "<group>"; };
		57CE4AF0272026560008F0CA /* client_105041905321-75o2u6k4v3r7d4t3vg6spucsgnvai8qf.apps.googleusercontent.com.plist */ = {isa = PBXFileReference; fileEncoding = 4; lastKnownFileType = text.plist.xml; name = "client_105041905321-75o2u6k4v3r7d4t3vg6spucsgnvai8qf.apps.googleusercontent.com.plist"; path = "../../../../Downloads/client_105041905321-75o2u6k4v3r7d4t3vg6spucsgnvai8qf.apps.googleusercontent.com.plist"; sourceTree = "<group>"; };
		57D55F4E271ADAE90046147C /* FirstSignUpViewController.swift */ = {isa = PBXFileReference; lastKnownFileType = sourcecode.swift; path = FirstSignUpViewController.swift; sourceTree = "<group>"; };
		57D55F51271ADCE00046147C /* Token.swift */ = {isa = PBXFileReference; lastKnownFileType = sourcecode.swift; path = Token.swift; sourceTree = "<group>"; };
		6833FDB1CB587743470D5C33 /* Pods_MiniTown.framework */ = {isa = PBXFileReference; explicitFileType = wrapper.framework; includeInIndex = 0; path = Pods_MiniTown.framework; sourceTree = BUILT_PRODUCTS_DIR; };
		8462B38056EB502E2AC14E1A /* Pods_MiniTown_MiniTownUITests.framework */ = {isa = PBXFileReference; explicitFileType = wrapper.framework; includeInIndex = 0; path = Pods_MiniTown_MiniTownUITests.framework; sourceTree = BUILT_PRODUCTS_DIR; };
		929CD78C7354260BF33492A2 /* Pods-MiniTown.debug.xcconfig */ = {isa = PBXFileReference; includeInIndex = 1; lastKnownFileType = text.xcconfig; name = "Pods-MiniTown.debug.xcconfig"; path = "Target Support Files/Pods-MiniTown/Pods-MiniTown.debug.xcconfig"; sourceTree = "<group>"; };
		A6CFACB5AC8336362D3EB39F /* Pods-MiniTown-MiniTownUITests.debug.xcconfig */ = {isa = PBXFileReference; includeInIndex = 1; lastKnownFileType = text.xcconfig; name = "Pods-MiniTown-MiniTownUITests.debug.xcconfig"; path = "Target Support Files/Pods-MiniTown-MiniTownUITests/Pods-MiniTown-MiniTownUITests.debug.xcconfig"; sourceTree = "<group>"; };
		B7F4CBB8288DBA8F37417580 /* Pods-MiniTownTests.debug.xcconfig */ = {isa = PBXFileReference; includeInIndex = 1; lastKnownFileType = text.xcconfig; name = "Pods-MiniTownTests.debug.xcconfig"; path = "Target Support Files/Pods-MiniTownTests/Pods-MiniTownTests.debug.xcconfig"; sourceTree = "<group>"; };
		D556428B0D79E7EEF5DD3C08 /* Pods-MiniTown.release.xcconfig */ = {isa = PBXFileReference; includeInIndex = 1; lastKnownFileType = text.xcconfig; name = "Pods-MiniTown.release.xcconfig"; path = "Target Support Files/Pods-MiniTown/Pods-MiniTown.release.xcconfig"; sourceTree = "<group>"; };
		E3C67A4D85B8381F9580B663 /* Pods-MiniTown-MiniTownUITests.release.xcconfig */ = {isa = PBXFileReference; includeInIndex = 1; lastKnownFileType = text.xcconfig; name = "Pods-MiniTown-MiniTownUITests.release.xcconfig"; path = "Target Support Files/Pods-MiniTown-MiniTownUITests/Pods-MiniTown-MiniTownUITests.release.xcconfig"; sourceTree = "<group>"; };
/* End PBXFileReference section */

/* Begin PBXFrameworksBuildPhase section */
		576486DE27190E140026CE77 /* Frameworks */ = {
			isa = PBXFrameworksBuildPhase;
			buildActionMask = 2147483647;
			files = (
				A8259739E9DA5D794733D76F /* Pods_MiniTown.framework in Frameworks */,
			);
			runOnlyForDeploymentPostprocessing = 0;
		};
		576486F427190E160026CE77 /* Frameworks */ = {
			isa = PBXFrameworksBuildPhase;
			buildActionMask = 2147483647;
			files = (
				5BB33C799B7B423B811688F8 /* Pods_MiniTownTests.framework in Frameworks */,
			);
			runOnlyForDeploymentPostprocessing = 0;
		};
		576486FE27190E160026CE77 /* Frameworks */ = {
			isa = PBXFrameworksBuildPhase;
			buildActionMask = 2147483647;
			files = (
				43E6894DD143378ED781A7E5 /* Pods_MiniTown_MiniTownUITests.framework in Frameworks */,
			);
			runOnlyForDeploymentPostprocessing = 0;
		};
/* End PBXFrameworksBuildPhase section */

/* Begin PBXGroup section */
		0E7BF1F82533FC9CD507CE79 /* Frameworks */ = {
			isa = PBXGroup;
			children = (
				6833FDB1CB587743470D5C33 /* Pods_MiniTown.framework */,
				8462B38056EB502E2AC14E1A /* Pods_MiniTown_MiniTownUITests.framework */,
				1E72D3F64249727C5E195D16 /* Pods_MiniTownTests.framework */,
			);
			name = Frameworks;
			sourceTree = "<group>";
		};
		570DA649271CEB1A00DC1908 /* Views */ = {
			isa = PBXGroup;
			children = (
				570DA64C271CF77200DC1908 /* Designable */,
				576486EA27190E140026CE77 /* loginView.storyboard */,
				57022506271E7B400039B91C /* FindMettings.storyboard */,
				57825718272459DF0037468B /* Settings.storyboard */,
				5702250A271E7BC50039B91C /* RentalItems.storyboard */,
				57022508271E7B940039B91C /* ReservationLocation.storyboard */,
			);
			path = Views;
			sourceTree = "<group>";
		};
		570DA64C271CF77200DC1908 /* Designable */ = {
			isa = PBXGroup;
			children = (
				570DA64D271CF79F00DC1908 /* corrner.swift */,
			);
			path = Designable;
			sourceTree = "<group>";
		};
		570DA651271D8DAD00DC1908 /* extension */ = {
			isa = PBXGroup;
			children = (
				570DA652271D8DC500DC1908 /* UITextField.swift */,
			);
			path = extension;
			sourceTree = "<group>";
		};
		572D1531271EB9ED00A90D85 /* Auth */ = {
			isa = PBXGroup;
			children = (
				576486E827190E140026CE77 /* LoginViewController.swift */,
				57D55F4E271ADAE90046147C /* FirstSignUpViewController.swift */,
				5761C91B2721205A0088B01C /* SecondSignUpViewController.swift */,
				577BC2F32722CC4A001C3E1D /* OAuthSignUoViewController.swift */,
			);
			path = Auth;
			sourceTree = "<group>";
		};
		572D1532271EBA4200A90D85 /* FindMeeting */ = {
			isa = PBXGroup;
			children = (
				572D1533271EBA9900A90D85 /* MeetingHomeViewController.swift */,
				577AC5FF2726DE31005337BB /* DetailMettingViewController.swift */,
			);
			path = FindMeeting;
			sourceTree = "<group>";
		};
		572D4DB027244A3A003569AD /* Cell */ = {
			isa = PBXGroup;
			children = (
				572D4DB127244A5B003569AD /* MettingTableViewCell.swift */,
				5766F1C92725B058009FD50B /* ChatroomListTableViewCell.swift */,
			);
			path = Cell;
			sourceTree = "<group>";
		};
		576486D827190E140026CE77 = {
			isa = PBXGroup;
			children = (
				576486E327190E140026CE77 /* MiniTown */,
				576486FA27190E160026CE77 /* MiniTownTests */,
				5764870427190E160026CE77 /* MiniTownUITests */,
				576486E227190E140026CE77 /* Products */,
				7EC864B3513D5421F6695F6A /* Pods */,
				0E7BF1F82533FC9CD507CE79 /* Frameworks */,
			);
			sourceTree = "<group>";
		};
		576486E227190E140026CE77 /* Products */ = {
			isa = PBXGroup;
			children = (
				576486E127190E140026CE77 /* MiniTown.app */,
				576486F727190E160026CE77 /* MiniTownTests.xctest */,
				5764870127190E160026CE77 /* MiniTownUITests.xctest */,
			);
			name = Products;
			sourceTree = "<group>";
		};
		576486E327190E140026CE77 /* MiniTown */ = {
			isa = PBXGroup;
			children = (
				57711D27272141440069FA3F /* ViewToggle */,
				570DA651271D8DAD00DC1908 /* extension */,
				570DA649271CEB1A00DC1908 /* Views */,
				5764871427190E3D0026CE77 /* ViewController */,
				57D55F50271ADCB70046147C /* Model */,
				5794C4C4271AE83600DE2A00 /* Networking */,
				576486E427190E140026CE77 /* AppDelegate.swift */,
				576486E627190E140026CE77 /* SceneDelegate.swift */,
				576486ED27190E150026CE77 /* Assets.xcassets */,
				576486F227190E150026CE77 /* Info.plist */,
				57CE4AF0272026560008F0CA /* client_105041905321-75o2u6k4v3r7d4t3vg6spucsgnvai8qf.apps.googleusercontent.com.plist */,
				576486EF27190E150026CE77 /* LaunchScreen.storyboard */,
			);
			path = MiniTown;
			sourceTree = "<group>";
		};
		576486FA27190E160026CE77 /* MiniTownTests */ = {
			isa = PBXGroup;
			children = (
				576486FB27190E160026CE77 /* MiniTownTests.swift */,
			);
			path = MiniTownTests;
			sourceTree = "<group>";
		};
		5764870427190E160026CE77 /* MiniTownUITests */ = {
			isa = PBXGroup;
			children = (
				5764870527190E160026CE77 /* MiniTownUITests.swift */,
				5764870727190E160026CE77 /* MiniTownUITestsLaunchTests.swift */,
			);
			path = MiniTownUITests;
			sourceTree = "<group>";
		};
		5764871427190E3D0026CE77 /* ViewController */ = {
			isa = PBXGroup;
			children = (
				570DA64F271D2D3100DC1908 /* HomeViewController.swift */,
				572D1531271EB9ED00A90D85 /* Auth */,
				572D1532271EBA4200A90D85 /* FindMeeting */,
				5787AC62271F09DB0011F137 /* ReservationLocation */,
				5782571B27245A890037468B /* Settings */,
				572D4DB027244A3A003569AD /* Cell */,
			);
			path = ViewController;
			sourceTree = "<group>";
		};
		57711D27272141440069FA3F /* ViewToggle */ = {
			isa = PBXGroup;
			children = (
				57711D28272141660069FA3F /* ViewToggleModel.swift */,
				57BA2BCD27243D36001C0859 /* Dume.swift */,
			);
			path = ViewToggle;
			sourceTree = "<group>";
		};
		5782571B27245A890037468B /* Settings */ = {
			isa = PBXGroup;
			children = (
				5782571C27245AF10037468B /* MainSettingViewController.swift */,
			);
			path = Settings;
			sourceTree = "<group>";
		};
		5787AC62271F09DB0011F137 /* ReservationLocation */ = {
			isa = PBXGroup;
			children = (
				5787AC63271F09F80011F137 /* MainReservationLocationController.swift */,
			);
			path = ReservationLocation;
			sourceTree = "<group>";
		};
		5794C4C4271AE83600DE2A00 /* Networking */ = {
			isa = PBXGroup;
			children = (
				57D20C8E271EFD8700F8A723 /* Soket */,
				5794C4C5271AE85800DE2A00 /* Api.swift */,
				573E7BC2271B06EA00EEC3A2 /* LoginRequst.swift */,
			);
			path = Networking;
			sourceTree = "<group>";
		};
		57D20C8E271EFD8700F8A723 /* Soket */ = {
			isa = PBXGroup;
			children = (
				5766F1C527259843009FD50B /* SoketApi.swift */,
				5766F1C72725991E009FD50B /* SocketIOManager.swift */,
			);
			path = Soket;
			sourceTree = "<group>";
		};
		57D55F50271ADCB70046147C /* Model */ = {
			isa = PBXGroup;
			children = (
				57D55F51271ADCE00046147C /* Token.swift */,
				573E7BBF271AF20000EEC3A2 /* Model.swift */,
			);
			path = Model;
			sourceTree = "<group>";
		};
		7EC864B3513D5421F6695F6A /* Pods */ = {
			isa = PBXGroup;
			children = (
				929CD78C7354260BF33492A2 /* Pods-MiniTown.debug.xcconfig */,
				D556428B0D79E7EEF5DD3C08 /* Pods-MiniTown.release.xcconfig */,
				A6CFACB5AC8336362D3EB39F /* Pods-MiniTown-MiniTownUITests.debug.xcconfig */,
				E3C67A4D85B8381F9580B663 /* Pods-MiniTown-MiniTownUITests.release.xcconfig */,
				B7F4CBB8288DBA8F37417580 /* Pods-MiniTownTests.debug.xcconfig */,
				2AB137649600B5CCD9B4BE8A /* Pods-MiniTownTests.release.xcconfig */,
			);
			path = Pods;
			sourceTree = "<group>";
		};
/* End PBXGroup section */

/* Begin PBXNativeTarget section */
		576486E027190E140026CE77 /* MiniTown */ = {
			isa = PBXNativeTarget;
			buildConfigurationList = 5764870B27190E160026CE77 /* Build configuration list for PBXNativeTarget "MiniTown" */;
			buildPhases = (
				44806E5125792D62F54D960C /* [CP] Check Pods Manifest.lock */,
				576486DD27190E140026CE77 /* Sources */,
				576486DE27190E140026CE77 /* Frameworks */,
				576486DF27190E140026CE77 /* Resources */,
				2259FC942E56A538E48C41E0 /* [CP] Embed Pods Frameworks */,
			);
			buildRules = (
			);
			dependencies = (
			);
			name = MiniTown;
			productName = MiniTown;
			productReference = 576486E127190E140026CE77 /* MiniTown.app */;
			productType = "com.apple.product-type.application";
		};
		576486F627190E160026CE77 /* MiniTownTests */ = {
			isa = PBXNativeTarget;
			buildConfigurationList = 5764870E27190E160026CE77 /* Build configuration list for PBXNativeTarget "MiniTownTests" */;
			buildPhases = (
				105A2DE6CCE1ACE9C34FD3EF /* [CP] Check Pods Manifest.lock */,
				576486F327190E160026CE77 /* Sources */,
				576486F427190E160026CE77 /* Frameworks */,
				576486F527190E160026CE77 /* Resources */,
			);
			buildRules = (
			);
			dependencies = (
				576486F927190E160026CE77 /* PBXTargetDependency */,
			);
			name = MiniTownTests;
			productName = MiniTownTests;
			productReference = 576486F727190E160026CE77 /* MiniTownTests.xctest */;
			productType = "com.apple.product-type.bundle.unit-test";
		};
		5764870027190E160026CE77 /* MiniTownUITests */ = {
			isa = PBXNativeTarget;
			buildConfigurationList = 5764871127190E160026CE77 /* Build configuration list for PBXNativeTarget "MiniTownUITests" */;
			buildPhases = (
				CF3A7DDFB9D666ED76251E7E /* [CP] Check Pods Manifest.lock */,
				576486FD27190E160026CE77 /* Sources */,
				576486FE27190E160026CE77 /* Frameworks */,
				576486FF27190E160026CE77 /* Resources */,
				451319FEFAE2C23BDACC4D26 /* [CP] Embed Pods Frameworks */,
			);
			buildRules = (
			);
			dependencies = (
				5764870327190E160026CE77 /* PBXTargetDependency */,
			);
			name = MiniTownUITests;
			productName = MiniTownUITests;
			productReference = 5764870127190E160026CE77 /* MiniTownUITests.xctest */;
			productType = "com.apple.product-type.bundle.ui-testing";
		};
/* End PBXNativeTarget section */

/* Begin PBXProject section */
		576486D927190E140026CE77 /* Project object */ = {
			isa = PBXProject;
			attributes = {
				BuildIndependentTargetsInParallel = 1;
				LastSwiftUpdateCheck = 1300;
				LastUpgradeCheck = 1300;
				TargetAttributes = {
					576486E027190E140026CE77 = {
						CreatedOnToolsVersion = 13.0;
					};
					576486F627190E160026CE77 = {
						CreatedOnToolsVersion = 13.0;
						TestTargetID = 576486E027190E140026CE77;
					};
					5764870027190E160026CE77 = {
						CreatedOnToolsVersion = 13.0;
						TestTargetID = 576486E027190E140026CE77;
					};
				};
			};
			buildConfigurationList = 576486DC27190E140026CE77 /* Build configuration list for PBXProject "MiniTown" */;
			compatibilityVersion = "Xcode 12.0";
			developmentRegion = en;
			hasScannedForEncodings = 0;
			knownRegions = (
				en,
				Base,
			);
			mainGroup = 576486D827190E140026CE77;
			productRefGroup = 576486E227190E140026CE77 /* Products */;
			projectDirPath = "";
			projectRoot = "";
			targets = (
				576486E027190E140026CE77 /* MiniTown */,
				576486F627190E160026CE77 /* MiniTownTests */,
				5764870027190E160026CE77 /* MiniTownUITests */,
			);
		};
/* End PBXProject section */

/* Begin PBXResourcesBuildPhase section */
		576486DF27190E140026CE77 /* Resources */ = {
			isa = PBXResourcesBuildPhase;
			buildActionMask = 2147483647;
			files = (
				576486F127190E150026CE77 /* LaunchScreen.storyboard in Resources */,
				5702250B271E7BC50039B91C /* RentalItems.storyboard in Resources */,
				576486EE27190E150026CE77 /* Assets.xcassets in Resources */,
				57022507271E7B400039B91C /* FindMettings.storyboard in Resources */,
				57022509271E7B940039B91C /* ReservationLocation.storyboard in Resources */,
				57825719272459DF0037468B /* Settings.storyboard in Resources */,
				576486EC27190E140026CE77 /* loginView.storyboard in Resources */,
				57CE4AF1272026560008F0CA /* client_105041905321-75o2u6k4v3r7d4t3vg6spucsgnvai8qf.apps.googleusercontent.com.plist in Resources */,
			);
			runOnlyForDeploymentPostprocessing = 0;
		};
		576486F527190E160026CE77 /* Resources */ = {
			isa = PBXResourcesBuildPhase;
			buildActionMask = 2147483647;
			files = (
			);
			runOnlyForDeploymentPostprocessing = 0;
		};
		576486FF27190E160026CE77 /* Resources */ = {
			isa = PBXResourcesBuildPhase;
			buildActionMask = 2147483647;
			files = (
			);
			runOnlyForDeploymentPostprocessing = 0;
		};
/* End PBXResourcesBuildPhase section */

/* Begin PBXShellScriptBuildPhase section */
		105A2DE6CCE1ACE9C34FD3EF /* [CP] Check Pods Manifest.lock */ = {
			isa = PBXShellScriptBuildPhase;
			buildActionMask = 2147483647;
			files = (
			);
			inputFileListPaths = (
			);
			inputPaths = (
				"${PODS_PODFILE_DIR_PATH}/Podfile.lock",
				"${PODS_ROOT}/Manifest.lock",
			);
			name = "[CP] Check Pods Manifest.lock";
			outputFileListPaths = (
			);
			outputPaths = (
				"$(DERIVED_FILE_DIR)/Pods-MiniTownTests-checkManifestLockResult.txt",
			);
			runOnlyForDeploymentPostprocessing = 0;
			shellPath = /bin/sh;
			shellScript = "diff \"${PODS_PODFILE_DIR_PATH}/Podfile.lock\" \"${PODS_ROOT}/Manifest.lock\" > /dev/null\nif [ $? != 0 ] ; then\n    # print error to STDERR\n    echo \"error: The sandbox is not in sync with the Podfile.lock. Run 'pod install' or update your CocoaPods installation.\" >&2\n    exit 1\nfi\n# This output is used by Xcode 'outputs' to avoid re-running this script phase.\necho \"SUCCESS\" > \"${SCRIPT_OUTPUT_FILE_0}\"\n";
			showEnvVarsInLog = 0;
		};
		2259FC942E56A538E48C41E0 /* [CP] Embed Pods Frameworks */ = {
			isa = PBXShellScriptBuildPhase;
			buildActionMask = 2147483647;
			files = (
			);
			inputFileListPaths = (
				"${PODS_ROOT}/Target Support Files/Pods-MiniTown/Pods-MiniTown-frameworks-${CONFIGURATION}-input-files.xcfilelist",
			);
			name = "[CP] Embed Pods Frameworks";
			outputFileListPaths = (
				"${PODS_ROOT}/Target Support Files/Pods-MiniTown/Pods-MiniTown-frameworks-${CONFIGURATION}-output-files.xcfilelist",
			);
			runOnlyForDeploymentPostprocessing = 0;
			shellPath = /bin/sh;
			shellScript = "\"${PODS_ROOT}/Target Support Files/Pods-MiniTown/Pods-MiniTown-frameworks.sh\"\n";
			showEnvVarsInLog = 0;
		};
		44806E5125792D62F54D960C /* [CP] Check Pods Manifest.lock */ = {
			isa = PBXShellScriptBuildPhase;
			buildActionMask = 2147483647;
			files = (
			);
			inputFileListPaths = (
			);
			inputPaths = (
				"${PODS_PODFILE_DIR_PATH}/Podfile.lock",
				"${PODS_ROOT}/Manifest.lock",
			);
			name = "[CP] Check Pods Manifest.lock";
			outputFileListPaths = (
			);
			outputPaths = (
				"$(DERIVED_FILE_DIR)/Pods-MiniTown-checkManifestLockResult.txt",
			);
			runOnlyForDeploymentPostprocessing = 0;
			shellPath = /bin/sh;
			shellScript = "diff \"${PODS_PODFILE_DIR_PATH}/Podfile.lock\" \"${PODS_ROOT}/Manifest.lock\" > /dev/null\nif [ $? != 0 ] ; then\n    # print error to STDERR\n    echo \"error: The sandbox is not in sync with the Podfile.lock. Run 'pod install' or update your CocoaPods installation.\" >&2\n    exit 1\nfi\n# This output is used by Xcode 'outputs' to avoid re-running this script phase.\necho \"SUCCESS\" > \"${SCRIPT_OUTPUT_FILE_0}\"\n";
			showEnvVarsInLog = 0;
		};
		451319FEFAE2C23BDACC4D26 /* [CP] Embed Pods Frameworks */ = {
			isa = PBXShellScriptBuildPhase;
			buildActionMask = 2147483647;
			files = (
			);
			inputFileListPaths = (
				"${PODS_ROOT}/Target Support Files/Pods-MiniTown-MiniTownUITests/Pods-MiniTown-MiniTownUITests-frameworks-${CONFIGURATION}-input-files.xcfilelist",
			);
			name = "[CP] Embed Pods Frameworks";
			outputFileListPaths = (
				"${PODS_ROOT}/Target Support Files/Pods-MiniTown-MiniTownUITests/Pods-MiniTown-MiniTownUITests-frameworks-${CONFIGURATION}-output-files.xcfilelist",
			);
			runOnlyForDeploymentPostprocessing = 0;
			shellPath = /bin/sh;
			shellScript = "\"${PODS_ROOT}/Target Support Files/Pods-MiniTown-MiniTownUITests/Pods-MiniTown-MiniTownUITests-frameworks.sh\"\n";
			showEnvVarsInLog = 0;
		};
		CF3A7DDFB9D666ED76251E7E /* [CP] Check Pods Manifest.lock */ = {
			isa = PBXShellScriptBuildPhase;
			buildActionMask = 2147483647;
			files = (
			);
			inputFileListPaths = (
			);
			inputPaths = (
				"${PODS_PODFILE_DIR_PATH}/Podfile.lock",
				"${PODS_ROOT}/Manifest.lock",
			);
			name = "[CP] Check Pods Manifest.lock";
			outputFileListPaths = (
			);
			outputPaths = (
				"$(DERIVED_FILE_DIR)/Pods-MiniTown-MiniTownUITests-checkManifestLockResult.txt",
			);
			runOnlyForDeploymentPostprocessing = 0;
			shellPath = /bin/sh;
			shellScript = "diff \"${PODS_PODFILE_DIR_PATH}/Podfile.lock\" \"${PODS_ROOT}/Manifest.lock\" > /dev/null\nif [ $? != 0 ] ; then\n    # print error to STDERR\n    echo \"error: The sandbox is not in sync with the Podfile.lock. Run 'pod install' or update your CocoaPods installation.\" >&2\n    exit 1\nfi\n# This output is used by Xcode 'outputs' to avoid re-running this script phase.\necho \"SUCCESS\" > \"${SCRIPT_OUTPUT_FILE_0}\"\n";
			showEnvVarsInLog = 0;
		};
/* End PBXShellScriptBuildPhase section */

/* Begin PBXSourcesBuildPhase section */
		576486DD27190E140026CE77 /* Sources */ = {
			isa = PBXSourcesBuildPhase;
			buildActionMask = 2147483647;
			files = (
				570DA64E271CF79F00DC1908 /* corrner.swift in Sources */,
				5787AC64271F09F80011F137 /* MainReservationLocationController.swift in Sources */,
				576486E927190E140026CE77 /* LoginViewController.swift in Sources */,
				5794C4C6271AE85800DE2A00 /* Api.swift in Sources */,
				570DA653271D8DC600DC1908 /* UITextField.swift in Sources */,
				570DA650271D2D3100DC1908 /* HomeViewController.swift in Sources */,
				57D55F52271ADCE00046147C /* Token.swift in Sources */,
				573E7BC3271B06EA00EEC3A2 /* LoginRequst.swift in Sources */,
				5782571D27245AF10037468B /* MainSettingViewController.swift in Sources */,
				572D1534271EBA9900A90D85 /* MeetingHomeViewController.swift in Sources */,
				5766F1C82725991E009FD50B /* SocketIOManager.swift in Sources */,
				576486E527190E140026CE77 /* AppDelegate.swift in Sources */,
				573E7BC0271AF20000EEC3A2 /* Model.swift in Sources */,
				57711D29272141660069FA3F /* ViewToggleModel.swift in Sources */,
				5761C91C2721205A0088B01C /* SecondSignUpViewController.swift in Sources */,
				577AC6002726DE31005337BB /* DetailMettingViewController.swift in Sources */,
				57D55F4F271ADAE90046147C /* FirstSignUpViewController.swift in Sources */,
				5766F1CA2725B058009FD50B /* ChatroomListTableViewCell.swift in Sources */,
				576486E727190E140026CE77 /* SceneDelegate.swift in Sources */,
				57BA2BCE27243D36001C0859 /* Dume.swift in Sources */,
				5766F1C627259843009FD50B /* SoketApi.swift in Sources */,
				572D4DB227244A5B003569AD /* MettingTableViewCell.swift in Sources */,
				577BC2F42722CC4A001C3E1D /* OAuthSignUoViewController.swift in Sources */,
			);
			runOnlyForDeploymentPostprocessing = 0;
		};
		576486F327190E160026CE77 /* Sources */ = {
			isa = PBXSourcesBuildPhase;
			buildActionMask = 2147483647;
			files = (
				576486FC27190E160026CE77 /* MiniTownTests.swift in Sources */,
			);
			runOnlyForDeploymentPostprocessing = 0;
		};
		576486FD27190E160026CE77 /* Sources */ = {
			isa = PBXSourcesBuildPhase;
			buildActionMask = 2147483647;
			files = (
				5764870827190E160026CE77 /* MiniTownUITestsLaunchTests.swift in Sources */,
				5764870627190E160026CE77 /* MiniTownUITests.swift in Sources */,
			);
			runOnlyForDeploymentPostprocessing = 0;
		};
/* End PBXSourcesBuildPhase section */

/* Begin PBXTargetDependency section */
		576486F927190E160026CE77 /* PBXTargetDependency */ = {
			isa = PBXTargetDependency;
			target = 576486E027190E140026CE77 /* MiniTown */;
			targetProxy = 576486F827190E160026CE77 /* PBXContainerItemProxy */;
		};
		5764870327190E160026CE77 /* PBXTargetDependency */ = {
			isa = PBXTargetDependency;
			target = 576486E027190E140026CE77 /* MiniTown */;
			targetProxy = 5764870227190E160026CE77 /* PBXContainerItemProxy */;
		};
/* End PBXTargetDependency section */

/* Begin PBXVariantGroup section */
		576486EA27190E140026CE77 /* loginView.storyboard */ = {
			isa = PBXVariantGroup;
			children = (
				576486EB27190E140026CE77 /* Base */,
			);
			name = loginView.storyboard;
			sourceTree = "<group>";
		};
		576486EF27190E150026CE77 /* LaunchScreen.storyboard */ = {
			isa = PBXVariantGroup;
			children = (
				576486F027190E150026CE77 /* Base */,
			);
			name = LaunchScreen.storyboard;
			sourceTree = "<group>";
		};
/* End PBXVariantGroup section */

/* Begin XCBuildConfiguration section */
		5764870927190E160026CE77 /* Debug */ = {
			isa = XCBuildConfiguration;
			buildSettings = {
				ALWAYS_SEARCH_USER_PATHS = NO;
				CLANG_ANALYZER_NONNULL = YES;
				CLANG_ANALYZER_NUMBER_OBJECT_CONVERSION = YES_AGGRESSIVE;
				CLANG_CXX_LANGUAGE_STANDARD = "gnu++17";
				CLANG_CXX_LIBRARY = "libc++";
				CLANG_ENABLE_MODULES = YES;
				CLANG_ENABLE_OBJC_ARC = YES;
				CLANG_ENABLE_OBJC_WEAK = YES;
				CLANG_WARN_BLOCK_CAPTURE_AUTORELEASING = YES;
				CLANG_WARN_BOOL_CONVERSION = YES;
				CLANG_WARN_COMMA = YES;
				CLANG_WARN_CONSTANT_CONVERSION = YES;
				CLANG_WARN_DEPRECATED_OBJC_IMPLEMENTATIONS = YES;
				CLANG_WARN_DIRECT_OBJC_ISA_USAGE = YES_ERROR;
				CLANG_WARN_DOCUMENTATION_COMMENTS = YES;
				CLANG_WARN_EMPTY_BODY = YES;
				CLANG_WARN_ENUM_CONVERSION = YES;
				CLANG_WARN_INFINITE_RECURSION = YES;
				CLANG_WARN_INT_CONVERSION = YES;
				CLANG_WARN_NON_LITERAL_NULL_CONVERSION = YES;
				CLANG_WARN_OBJC_IMPLICIT_RETAIN_SELF = YES;
				CLANG_WARN_OBJC_LITERAL_CONVERSION = YES;
				CLANG_WARN_OBJC_ROOT_CLASS = YES_ERROR;
				CLANG_WARN_QUOTED_INCLUDE_IN_FRAMEWORK_HEADER = YES;
				CLANG_WARN_RANGE_LOOP_ANALYSIS = YES;
				CLANG_WARN_STRICT_PROTOTYPES = YES;
				CLANG_WARN_SUSPICIOUS_MOVE = YES;
				CLANG_WARN_UNGUARDED_AVAILABILITY = YES_AGGRESSIVE;
				CLANG_WARN_UNREACHABLE_CODE = YES;
				CLANG_WARN__DUPLICATE_METHOD_MATCH = YES;
				COPY_PHASE_STRIP = NO;
				DEBUG_INFORMATION_FORMAT = dwarf;
				ENABLE_STRICT_OBJC_MSGSEND = YES;
				ENABLE_TESTABILITY = YES;
				GCC_C_LANGUAGE_STANDARD = gnu11;
				GCC_DYNAMIC_NO_PIC = NO;
				GCC_NO_COMMON_BLOCKS = YES;
				GCC_OPTIMIZATION_LEVEL = 0;
				GCC_PREPROCESSOR_DEFINITIONS = (
					"DEBUG=1",
					"$(inherited)",
				);
				GCC_WARN_64_TO_32_BIT_CONVERSION = YES;
				GCC_WARN_ABOUT_RETURN_TYPE = YES_ERROR;
				GCC_WARN_UNDECLARED_SELECTOR = YES;
				GCC_WARN_UNINITIALIZED_AUTOS = YES_AGGRESSIVE;
				GCC_WARN_UNUSED_FUNCTION = YES;
				GCC_WARN_UNUSED_VARIABLE = YES;
				IPHONEOS_DEPLOYMENT_TARGET = 15.0;
				MTL_ENABLE_DEBUG_INFO = INCLUDE_SOURCE;
				MTL_FAST_MATH = YES;
				ONLY_ACTIVE_ARCH = YES;
				SDKROOT = iphoneos;
				SWIFT_ACTIVE_COMPILATION_CONDITIONS = DEBUG;
				SWIFT_OPTIMIZATION_LEVEL = "-Onone";
			};
			name = Debug;
		};
		5764870A27190E160026CE77 /* Release */ = {
			isa = XCBuildConfiguration;
			buildSettings = {
				ALWAYS_SEARCH_USER_PATHS = NO;
				CLANG_ANALYZER_NONNULL = YES;
				CLANG_ANALYZER_NUMBER_OBJECT_CONVERSION = YES_AGGRESSIVE;
				CLANG_CXX_LANGUAGE_STANDARD = "gnu++17";
				CLANG_CXX_LIBRARY = "libc++";
				CLANG_ENABLE_MODULES = YES;
				CLANG_ENABLE_OBJC_ARC = YES;
				CLANG_ENABLE_OBJC_WEAK = YES;
				CLANG_WARN_BLOCK_CAPTURE_AUTORELEASING = YES;
				CLANG_WARN_BOOL_CONVERSION = YES;
				CLANG_WARN_COMMA = YES;
				CLANG_WARN_CONSTANT_CONVERSION = YES;
				CLANG_WARN_DEPRECATED_OBJC_IMPLEMENTATIONS = YES;
				CLANG_WARN_DIRECT_OBJC_ISA_USAGE = YES_ERROR;
				CLANG_WARN_DOCUMENTATION_COMMENTS = YES;
				CLANG_WARN_EMPTY_BODY = YES;
				CLANG_WARN_ENUM_CONVERSION = YES;
				CLANG_WARN_INFINITE_RECURSION = YES;
				CLANG_WARN_INT_CONVERSION = YES;
				CLANG_WARN_NON_LITERAL_NULL_CONVERSION = YES;
				CLANG_WARN_OBJC_IMPLICIT_RETAIN_SELF = YES;
				CLANG_WARN_OBJC_LITERAL_CONVERSION = YES;
				CLANG_WARN_OBJC_ROOT_CLASS = YES_ERROR;
				CLANG_WARN_QUOTED_INCLUDE_IN_FRAMEWORK_HEADER = YES;
				CLANG_WARN_RANGE_LOOP_ANALYSIS = YES;
				CLANG_WARN_STRICT_PROTOTYPES = YES;
				CLANG_WARN_SUSPICIOUS_MOVE = YES;
				CLANG_WARN_UNGUARDED_AVAILABILITY = YES_AGGRESSIVE;
				CLANG_WARN_UNREACHABLE_CODE = YES;
				CLANG_WARN__DUPLICATE_METHOD_MATCH = YES;
				COPY_PHASE_STRIP = NO;
				DEBUG_INFORMATION_FORMAT = "dwarf-with-dsym";
				ENABLE_NS_ASSERTIONS = NO;
				ENABLE_STRICT_OBJC_MSGSEND = YES;
				GCC_C_LANGUAGE_STANDARD = gnu11;
				GCC_NO_COMMON_BLOCKS = YES;
				GCC_WARN_64_TO_32_BIT_CONVERSION = YES;
				GCC_WARN_ABOUT_RETURN_TYPE = YES_ERROR;
				GCC_WARN_UNDECLARED_SELECTOR = YES;
				GCC_WARN_UNINITIALIZED_AUTOS = YES_AGGRESSIVE;
				GCC_WARN_UNUSED_FUNCTION = YES;
				GCC_WARN_UNUSED_VARIABLE = YES;
				IPHONEOS_DEPLOYMENT_TARGET = 15.0;
				MTL_ENABLE_DEBUG_INFO = NO;
				MTL_FAST_MATH = YES;
				SDKROOT = iphoneos;
				SWIFT_COMPILATION_MODE = wholemodule;
				SWIFT_OPTIMIZATION_LEVEL = "-O";
				VALIDATE_PRODUCT = YES;
			};
			name = Release;
		};
		5764870C27190E160026CE77 /* Debug */ = {
			isa = XCBuildConfiguration;
			baseConfigurationReference = 929CD78C7354260BF33492A2 /* Pods-MiniTown.debug.xcconfig */;
			buildSettings = {
				ASSETCATALOG_COMPILER_APPICON_NAME = AppIcon;
				ASSETCATALOG_COMPILER_GLOBAL_ACCENT_COLOR_NAME = AccentColor;
				CODE_SIGN_STYLE = Automatic;
				CURRENT_PROJECT_VERSION = 1;
				GENERATE_INFOPLIST_FILE = YES;
				INFOPLIST_FILE = MiniTown/Info.plist;
				INFOPLIST_KEY_UIApplicationSupportsIndirectInputEvents = YES;
				INFOPLIST_KEY_UILaunchStoryboardName = LaunchScreen;
				INFOPLIST_KEY_UIMainStoryboardFile = loginView;
				INFOPLIST_KEY_UISupportedInterfaceOrientations_iPad = "UIInterfaceOrientationPortrait UIInterfaceOrientationPortraitUpsideDown UIInterfaceOrientationLandscapeLeft UIInterfaceOrientationLandscapeRight";
				INFOPLIST_KEY_UISupportedInterfaceOrientations_iPhone = "UIInterfaceOrientationPortrait UIInterfaceOrientationLandscapeLeft UIInterfaceOrientationLandscapeRight";
				LD_RUNPATH_SEARCH_PATHS = (
					"$(inherited)",
					"@executable_path/Frameworks",
				);
				MARKETING_VERSION = 1.0;
				PRODUCT_BUNDLE_IDENTIFIER = com.rich.MiniTown;
				PRODUCT_NAME = "$(TARGET_NAME)";
				SWIFT_EMIT_LOC_STRINGS = YES;
				SWIFT_VERSION = 5.0;
				TARGETED_DEVICE_FAMILY = "1,2";
			};
			name = Debug;
		};
		5764870D27190E160026CE77 /* Release */ = {
			isa = XCBuildConfiguration;
			baseConfigurationReference = D556428B0D79E7EEF5DD3C08 /* Pods-MiniTown.release.xcconfig */;
			buildSettings = {
				ASSETCATALOG_COMPILER_APPICON_NAME = AppIcon;
				ASSETCATALOG_COMPILER_GLOBAL_ACCENT_COLOR_NAME = AccentColor;
				CODE_SIGN_STYLE = Automatic;
				CURRENT_PROJECT_VERSION = 1;
				GENERATE_INFOPLIST_FILE = YES;
				INFOPLIST_FILE = MiniTown/Info.plist;
				INFOPLIST_KEY_UIApplicationSupportsIndirectInputEvents = YES;
				INFOPLIST_KEY_UILaunchStoryboardName = LaunchScreen;
				INFOPLIST_KEY_UIMainStoryboardFile = loginView;
				INFOPLIST_KEY_UISupportedInterfaceOrientations_iPad = "UIInterfaceOrientationPortrait UIInterfaceOrientationPortraitUpsideDown UIInterfaceOrientationLandscapeLeft UIInterfaceOrientationLandscapeRight";
				INFOPLIST_KEY_UISupportedInterfaceOrientations_iPhone = "UIInterfaceOrientationPortrait UIInterfaceOrientationLandscapeLeft UIInterfaceOrientationLandscapeRight";
				LD_RUNPATH_SEARCH_PATHS = (
					"$(inherited)",
					"@executable_path/Frameworks",
				);
				MARKETING_VERSION = 1.0;
				PRODUCT_BUNDLE_IDENTIFIER = com.rich.MiniTown;
				PRODUCT_NAME = "$(TARGET_NAME)";
				SWIFT_EMIT_LOC_STRINGS = YES;
				SWIFT_VERSION = 5.0;
				TARGETED_DEVICE_FAMILY = "1,2";
			};
			name = Release;
		};
		5764870F27190E160026CE77 /* Debug */ = {
			isa = XCBuildConfiguration;
			baseConfigurationReference = B7F4CBB8288DBA8F37417580 /* Pods-MiniTownTests.debug.xcconfig */;
			buildSettings = {
				ALWAYS_EMBED_SWIFT_STANDARD_LIBRARIES = YES;
				BUNDLE_LOADER = "$(TEST_HOST)";
				CODE_SIGN_STYLE = Automatic;
				CURRENT_PROJECT_VERSION = 1;
				GENERATE_INFOPLIST_FILE = YES;
				IPHONEOS_DEPLOYMENT_TARGET = 15.0;
				LD_RUNPATH_SEARCH_PATHS = (
					"$(inherited)",
					"@executable_path/Frameworks",
					"@loader_path/Frameworks",
				);
				MARKETING_VERSION = 1.0;
				PRODUCT_BUNDLE_IDENTIFIER = com.rich.MiniTownTests;
				PRODUCT_NAME = "$(TARGET_NAME)";
				SWIFT_EMIT_LOC_STRINGS = NO;
				SWIFT_VERSION = 5.0;
				TARGETED_DEVICE_FAMILY = "1,2";
				TEST_HOST = "$(BUILT_PRODUCTS_DIR)/MiniTown.app/MiniTown";
			};
			name = Debug;
		};
		5764871027190E160026CE77 /* Release */ = {
			isa = XCBuildConfiguration;
			baseConfigurationReference = 2AB137649600B5CCD9B4BE8A /* Pods-MiniTownTests.release.xcconfig */;
			buildSettings = {
				ALWAYS_EMBED_SWIFT_STANDARD_LIBRARIES = YES;
				BUNDLE_LOADER = "$(TEST_HOST)";
				CODE_SIGN_STYLE = Automatic;
				CURRENT_PROJECT_VERSION = 1;
				GENERATE_INFOPLIST_FILE = YES;
				IPHONEOS_DEPLOYMENT_TARGET = 15.0;
				LD_RUNPATH_SEARCH_PATHS = (
					"$(inherited)",
					"@executable_path/Frameworks",
					"@loader_path/Frameworks",
				);
				MARKETING_VERSION = 1.0;
				PRODUCT_BUNDLE_IDENTIFIER = com.rich.MiniTownTests;
				PRODUCT_NAME = "$(TARGET_NAME)";
				SWIFT_EMIT_LOC_STRINGS = NO;
				SWIFT_VERSION = 5.0;
				TARGETED_DEVICE_FAMILY = "1,2";
				TEST_HOST = "$(BUILT_PRODUCTS_DIR)/MiniTown.app/MiniTown";
			};
			name = Release;
		};
		5764871227190E160026CE77 /* Debug */ = {
			isa = XCBuildConfiguration;
			baseConfigurationReference = A6CFACB5AC8336362D3EB39F /* Pods-MiniTown-MiniTownUITests.debug.xcconfig */;
			buildSettings = {
				ALWAYS_EMBED_SWIFT_STANDARD_LIBRARIES = YES;
				CODE_SIGN_STYLE = Automatic;
				CURRENT_PROJECT_VERSION = 1;
				GENERATE_INFOPLIST_FILE = YES;
				LD_RUNPATH_SEARCH_PATHS = (
					"$(inherited)",
					"@executable_path/Frameworks",
					"@loader_path/Frameworks",
				);
				MARKETING_VERSION = 1.0;
				PRODUCT_BUNDLE_IDENTIFIER = com.rich.MiniTownUITests;
				PRODUCT_NAME = "$(TARGET_NAME)";
				SWIFT_EMIT_LOC_STRINGS = NO;
				SWIFT_VERSION = 5.0;
				TARGETED_DEVICE_FAMILY = "1,2";
				TEST_TARGET_NAME = MiniTown;
			};
			name = Debug;
		};
		5764871327190E160026CE77 /* Release */ = {
			isa = XCBuildConfiguration;
			baseConfigurationReference = E3C67A4D85B8381F9580B663 /* Pods-MiniTown-MiniTownUITests.release.xcconfig */;
			buildSettings = {
				ALWAYS_EMBED_SWIFT_STANDARD_LIBRARIES = YES;
				CODE_SIGN_STYLE = Automatic;
				CURRENT_PROJECT_VERSION = 1;
				GENERATE_INFOPLIST_FILE = YES;
				LD_RUNPATH_SEARCH_PATHS = (
					"$(inherited)",
					"@executable_path/Frameworks",
					"@loader_path/Frameworks",
				);
				MARKETING_VERSION = 1.0;
				PRODUCT_BUNDLE_IDENTIFIER = com.rich.MiniTownUITests;
				PRODUCT_NAME = "$(TARGET_NAME)";
				SWIFT_EMIT_LOC_STRINGS = NO;
				SWIFT_VERSION = 5.0;
				TARGETED_DEVICE_FAMILY = "1,2";
				TEST_TARGET_NAME = MiniTown;
			};
			name = Release;
		};
/* End XCBuildConfiguration section */

/* Begin XCConfigurationList section */
		576486DC27190E140026CE77 /* Build configuration list for PBXProject "MiniTown" */ = {
			isa = XCConfigurationList;
			buildConfigurations = (
				5764870927190E160026CE77 /* Debug */,
				5764870A27190E160026CE77 /* Release */,
			);
			defaultConfigurationIsVisible = 0;
			defaultConfigurationName = Release;
		};
		5764870B27190E160026CE77 /* Build configuration list for PBXNativeTarget "MiniTown" */ = {
			isa = XCConfigurationList;
			buildConfigurations = (
				5764870C27190E160026CE77 /* Debug */,
				5764870D27190E160026CE77 /* Release */,
			);
			defaultConfigurationIsVisible = 0;
			defaultConfigurationName = Release;
		};
		5764870E27190E160026CE77 /* Build configuration list for PBXNativeTarget "MiniTownTests" */ = {
			isa = XCConfigurationList;
			buildConfigurations = (
				5764870F27190E160026CE77 /* Debug */,
				5764871027190E160026CE77 /* Release */,
			);
			defaultConfigurationIsVisible = 0;
			defaultConfigurationName = Release;
		};
		5764871127190E160026CE77 /* Build configuration list for PBXNativeTarget "MiniTownUITests" */ = {
			isa = XCConfigurationList;
			buildConfigurations = (
				5764871227190E160026CE77 /* Debug */,
				5764871327190E160026CE77 /* Release */,
			);
			defaultConfigurationIsVisible = 0;
			defaultConfigurationName = Release;
		};
/* End XCConfigurationList section */
	};
	rootObject = 576486D927190E140026CE77 /* Project object */;
}
