PODS:
  - Alamofire (5.4.3)
  - AppAuth (1.4.0):
    - AppAuth/Core (= 1.4.0)
    - AppAuth/ExternalUserAgent (= 1.4.0)
  - AppAuth/Core (1.4.0)
  - AppAuth/ExternalUserAgent (1.4.0)
  - GoogleSignIn (6.0.2):
    - AppAuth (~> 1.4)
    - GTMAppAuth (~> 1.0)
    - GTMSessionFetcher/Core (~> 1.1)
  - GTMAppAuth (1.2.2):
    - AppAuth/Core (~> 1.4)
    - GTMSessionFetcher/Core (~> 1.5)
  - GTMSessionFetcher/Core (1.7.0)
  - SocketRocket (0.6.0)
  - StompClientLib (1.4.1):
    - SocketRocket

DEPENDENCIES:
  - Alamofire (~> 5.4)
  - GoogleSignIn
  - StompClientLib

SPEC REPOS:
  trunk:
    - Alamofire
    - AppAuth
    - GoogleSignIn
    - GTMAppAuth
    - GTMSessionFetcher
    - SocketRocket
    - StompClientLib

SPEC CHECKSUMS:
  Alamofire: e447a2774a40c996748296fa2c55112fdbbc42f9
  AppAuth: 31bcec809a638d7bd2f86ea8a52bd45f6e81e7c7
  GoogleSignIn: fd381840dbe7c1137aa6dc30849a5c3e070c034a
  GTMAppAuth: ad5c2b70b9a8689e1a04033c9369c4915bfcbe89
  GTMSessionFetcher: 43748f93435c2aa068b1cbe39655aaf600652e91
  SocketRocket: fccef3f9c5cedea1353a9ef6ada904fde10d6608
  StompClientLib: ac40390e9660c574675f1c933bec81c8e2811a4f

PODFILE CHECKSUM: 227d606e8370f9c57c843d215eea6f68dfebfc81

COCOAPODS: 1.10.1
